
Microsoft Visual Studio Solution File, Format Version 12.00
Project("{FAE04EC0-301F-11D3-BF4B-00C04F79EFBC}") = "Heroes.Core", "Heroes.Core\Heroes.Core.csproj", "{BC5F6B63-C087-4437-A476-ADD84EFDCDBA}"
EndProject
Project("{FAE04EC0-301F-11D3-BF4B-00C04F79EFBC}") = "Hero.TestGame", "Hero.TestGame\Hero.TestGame.csproj", "{F825D825-1A68-4B4B-AA96-E513CCADE68C}"
EndProject
Global
	GlobalSection(SolutionConfigurationPlatforms) = preSolution
		Debug|Any CPU = Debug|Any CPU
		Release|Any CPU = Release|Any CPU
	EndGlobalSection
	GlobalSection(ProjectConfigurationPlatforms) = postSolution
		{BC5F6B63-C087-4437-A476-ADD84EFDCDBA}.Debug|Any CPU.ActiveCfg = Debug|Any CPU
		{BC5F6B63-C087-4437-A476-ADD84EFDCDBA}.Debug|Any CPU.Build.0 = Debug|Any CPU
		{BC5F6B63-C087-4437-A476-ADD84EFDCDBA}.Release|Any CPU.ActiveCfg = Release|Any CPU
		{BC5F6B63-C087-4437-A476-ADD84EFDCDBA}.Release|Any CPU.Build.0 = Release|Any CPU
		{F825D825-1A68-4B4B-AA96-E513CCADE68C}.Debug|Any CPU.ActiveCfg = Debug|Any CPU
		{F825D825-1A68-4B4B-AA96-E513CCADE68C}.Debug|Any CPU.Build.0 = Debug|Any CPU
		{F825D825-1A68-4B4B-AA96-E513CCADE68C}.Release|Any CPU.ActiveCfg = Release|Any CPU
		{F825D825-1A68-4B4B-AA96-E513CCADE68C}.Release|Any CPU.Build.0 = Release|Any CPU
	EndGlobalSection
EndGlobal
